
Microsoft Visual Studio Solution File, Format Version 12.00
# Visual Studio Version 17
VisualStudioVersion = 17.5.002.0
MinimumVisualStudioVersion = 10.0.40219.1
Project("{9A19103F-16F7-4668-BE54-9A1E7A4F7556}") = "exemplo-explorando-c-sharpe", "exemplo-explorando-c-sharpe.csproj", "{241CCC9E-6DC4-42A9-9594-D76498726309}"
EndProject
Global
	GlobalSection(SolutionConfigurationPlatforms) = preSolution
		Debug|Any CPU = Debug|Any CPU
		Release|Any CPU = Release|Any CPU
	EndGlobalSection
	GlobalSection(ProjectConfigurationPlatforms) = postSolution
		{241CCC9E-6DC4-42A9-9594-D76498726309}.Debug|Any CPU.ActiveCfg = Debug|Any CPU
		{241CCC9E-6DC4-42A9-9594-D76498726309}.Debug|Any CPU.Build.0 = Debug|Any CPU
		{241CCC9E-6DC4-42A9-9594-D76498726309}.Release|Any CPU.ActiveCfg = Release|Any CPU
		{241CCC9E-6DC4-42A9-9594-D76498726309}.Release|Any CPU.Build.0 = Release|Any CPU
	EndGlobalSection
	GlobalSection(SolutionProperties) = preSolution
		HideSolutionNode = FALSE
	EndGlobalSection
	GlobalSection(ExtensibilityGlobals) = postSolution
		SolutionGuid = {90251FBA-3815-4127-8C51-D0096B2D28D0}
	EndGlobalSection
EndGlobal
